
Microsoft Visual Studio Solution File, Format Version 12.00
# Visual Studio Version 16
VisualStudioVersion = 16.0.31402.337
MinimumVisualStudioVersion = 10.0.40219.1
Project("{FAE04EC0-301F-11D3-BF4B-00C04F79EFBC}") = "Bon Scrum", "Bon Scrum\Bon Scrum.csproj", "{3CDB1DFE-CC89-4B1D-A0BF-63BC3E81F806}"
EndProject
Project("{FAE04EC0-301F-11D3-BF4B-00C04F79EFBC}") = "ClassLibraryMath", "ClassLibrary1\ClassLibraryMath.csproj", "{DA534479-C35B-4553-9F1E-4B03783873D4}"
EndProject
Global
	GlobalSection(SolutionConfigurationPlatforms) = preSolution
		Debug|Any CPU = Debug|Any CPU
		Release|Any CPU = Release|Any CPU
	EndGlobalSection
	GlobalSection(ProjectConfigurationPlatforms) = postSolution
		{3CDB1DFE-CC89-4B1D-A0BF-63BC3E81F806}.Debug|Any CPU.ActiveCfg = Debug|Any CPU
		{3CDB1DFE-CC89-4B1D-A0BF-63BC3E81F806}.Debug|Any CPU.Build.0 = Debug|Any CPU
		{3CDB1DFE-CC89-4B1D-A0BF-63BC3E81F806}.Release|Any CPU.ActiveCfg = Release|Any CPU
		{3CDB1DFE-CC89-4B1D-A0BF-63BC3E81F806}.Release|Any CPU.Build.0 = Release|Any CPU
		{DA534479-C35B-4553-9F1E-4B03783873D4}.Debug|Any CPU.ActiveCfg = Debug|Any CPU
		{DA534479-C35B-4553-9F1E-4B03783873D4}.Debug|Any CPU.Build.0 = Debug|Any CPU
		{DA534479-C35B-4553-9F1E-4B03783873D4}.Release|Any CPU.ActiveCfg = Release|Any CPU
		{DA534479-C35B-4553-9F1E-4B03783873D4}.Release|Any CPU.Build.0 = Release|Any CPU
	EndGlobalSection
	GlobalSection(SolutionProperties) = preSolution
		HideSolutionNode = FALSE
	EndGlobalSection
	GlobalSection(ExtensibilityGlobals) = postSolution
		SolutionGuid = {1FB96E6D-A732-4B7D-BDD8-BFFD25C960C0}
	EndGlobalSection
EndGlobal
